# This file is automatically @generated by Cargo.
# It is not intended for manual editing.
version = 3

[[package]]
name = "memscan"
version = "0.1.0"
dependencies = [
 "subslice_index",
]

[[package]]
name = "subslice_index"
version = "0.5.0"
source = "registry+https://github.com/rust-lang/crates.io-index"
checksum = "d3a3b5568149c755397b365f81b2c1a384e445bd3b6384e2231b318d5e399688"
